
Microsoft Visual Studio Solution File, Format Version 12.00
# Visual Studio 15
VisualStudioVersion = 15.0.28307.168
MinimumVisualStudioVersion = 10.0.40219.1
Project("{FAE04EC0-301F-11D3-BF4B-00C04F79EFBC}") = "WrathCommonerClass", "WrathCommonerClass.csproj", "{AF0BA139-F0CD-4F8B-84F9-6D9933794F7C}"
EndProject
Global
	GlobalSection(SolutionConfigurationPlatforms) = preSolution
		Debug|Any CPU = Debug|Any CPU
		Release|Any CPU = Release|Any CPU
	EndGlobalSection
	GlobalSection(ProjectConfigurationPlatforms) = postSolution
		{AF0BA139-F0CD-4F8B-84F9-6D9933794F7C}.Debug|Any CPU.ActiveCfg = Debug|Any CPU
		{AF0BA139-F0CD-4F8B-84F9-6D9933794F7C}.Debug|Any CPU.Build.0 = Debug|Any CPU
		{AF0BA139-F0CD-4F8B-84F9-6D9933794F7C}.Release|Any CPU.ActiveCfg = Release|Any CPU
		{AF0BA139-F0CD-4F8B-84F9-6D9933794F7C}.Release|Any CPU.Build.0 = Release|Any CPU
	EndGlobalSection
	GlobalSection(SolutionProperties) = preSolution
		HideSolutionNode = FALSE
	EndGlobalSection
	GlobalSection(ExtensibilityGlobals) = postSolution
		SolutionGuid = {91F75064-9373-433C-9B68-6B4FF99EE68C}
	EndGlobalSection
EndGlobal
